// !$*UTF8*$!
{
	archiveVersion = 1;
	classes = {
	};
	objectVersion = 50;
	objects = {

/* Begin PBXBuildFile section */
		8637EE49229A36630031B18D /* main.cpp in Sources */ = {isa = PBXBuildFile; fileRef = 8637EE48229A36630031B18D /* main.cpp */; };
		8637EE52229A36910031B18D /* planet.cpp in Sources */ = {isa = PBXBuildFile; fileRef = 8637EE50229A36910031B18D /* planet.cpp */; };
		8637EE55229A36BD0031B18D /* libGLEW.2.1.0.dylib in Frameworks */ = {isa = PBXBuildFile; fileRef = 8637EE54229A36BD0031B18D /* libGLEW.2.1.0.dylib */; };
		8637EE57229A36F30031B18D /* OpenGL.framework in Frameworks */ = {isa = PBXBuildFile; fileRef = 8637EE56229A36F30031B18D /* OpenGL.framework */; };
		8637EE59229A37000031B18D /* libassimp.4.1.0.dylib in Frameworks */ = {isa = PBXBuildFile; fileRef = 8637EE58229A37000031B18D /* libassimp.4.1.0.dylib */; };
		8637EE5B229A37630031B18D /* libglfw.3.3.dylib in Frameworks */ = {isa = PBXBuildFile; fileRef = 8637EE5A229A37630031B18D /* libglfw.3.3.dylib */; };
		8637EE75229A39050031B18D /* image_helper.c in Sources */ = {isa = PBXBuildFile; fileRef = 8637EE60229A39050031B18D /* image_helper.c */; };
		8637EE76229A39050031B18D /* image_DXT.c in Sources */ = {isa = PBXBuildFile; fileRef = 8637EE63229A39050031B18D /* image_DXT.c */; };
		8637EE77229A39050031B18D /* SOIL2.c in Sources */ = {isa = PBXBuildFile; fileRef = 8637EE66229A39050031B18D /* SOIL2.c */; };
		8637EE78229A39050031B18D /* etc1_utils.c in Sources */ = {isa = PBXBuildFile; fileRef = 8637EE70229A39050031B18D /* etc1_utils.c */; };
		8637EE80229A79B40031B18D /* resources in CopyFiles */ = {isa = PBXBuildFile; fileRef = 8637EE7E229A79480031B18D /* resources */; };
/* End PBXBuildFile section */

/* Begin PBXCopyFilesBuildPhase section */
		8637EE43229A36630031B18D /* CopyFiles */ = {
			isa = PBXCopyFilesBuildPhase;
			buildActionMask = 2147483647;
			dstPath = /usr/share/man/man1/;
			dstSubfolderSpec = 0;
			files = (
			);
			runOnlyForDeploymentPostprocessing = 1;
		};
		8637EE7F229A79A80031B18D /* CopyFiles */ = {
			isa = PBXCopyFilesBuildPhase;
			buildActionMask = 2147483647;
			dstPath = "";
			dstSubfolderSpec = 7;
			files = (
				8637EE80229A79B40031B18D /* resources in CopyFiles */,
			);
			runOnlyForDeploymentPostprocessing = 0;
		};
/* End PBXCopyFilesBuildPhase section */

/* Begin PBXFileReference section */
		8637EE45229A36630031B18D /* COSC3000 */ = {isa = PBXFileReference; explicitFileType = "compiled.mach-o.executable"; includeInIndex = 0; path = COSC3000; sourceTree = BUILT_PRODUCTS_DIR; };
		8637EE48229A36630031B18D /* main.cpp */ = {isa = PBXFileReference; lastKnownFileType = sourcecode.cpp.cpp; path = main.cpp; sourceTree = "<group>"; };
		8637EE50229A36910031B18D /* planet.cpp */ = {isa = PBXFileReference; lastKnownFileType = sourcecode.cpp.cpp; path = planet.cpp; sourceTree = "<group>"; };
		8637EE51229A36910031B18D /* planet.hpp */ = {isa = PBXFileReference; lastKnownFileType = sourcecode.cpp.h; path = planet.hpp; sourceTree = "<group>"; };
		8637EE54229A36BD0031B18D /* libGLEW.2.1.0.dylib */ = {isa = PBXFileReference; lastKnownFileType = "compiled.mach-o.dylib"; name = libGLEW.2.1.0.dylib; path = ../../../../../../../usr/local/Cellar/glew/2.1.0/lib/libGLEW.2.1.0.dylib; sourceTree = "<group>"; };
		8637EE56229A36F30031B18D /* OpenGL.framework */ = {isa = PBXFileReference; lastKnownFileType = wrapper.framework; name = OpenGL.framework; path = System/Library/Frameworks/OpenGL.framework; sourceTree = SDKROOT; };
		8637EE58229A37000031B18D /* libassimp.4.1.0.dylib */ = {isa = PBXFileReference; lastKnownFileType = "compiled.mach-o.dylib"; name = libassimp.4.1.0.dylib; path = ../../../../../../../usr/local/Cellar/assimp/4.1.0/lib/libassimp.4.1.0.dylib; sourceTree = "<group>"; };
		8637EE5A229A37630031B18D /* libglfw.3.3.dylib */ = {isa = PBXFileReference; lastKnownFileType = "compiled.mach-o.dylib"; name = libglfw.3.3.dylib; path = ../../../../../../../usr/local/Cellar/glfw/3.3/lib/libglfw.3.3.dylib; sourceTree = "<group>"; };
		8637EE60229A39050031B18D /* image_helper.c */ = {isa = PBXFileReference; fileEncoding = 4; lastKnownFileType = sourcecode.c.c; path = image_helper.c; sourceTree = "<group>"; };
		8637EE61229A39050031B18D /* stbi_pkm.h */ = {isa = PBXFileReference; fileEncoding = 4; lastKnownFileType = sourcecode.c.h; path = stbi_pkm.h; sourceTree = "<group>"; };
		8637EE62229A39050031B18D /* jo_jpeg.h */ = {isa = PBXFileReference; fileEncoding = 4; lastKnownFileType = sourcecode.c.h; path = jo_jpeg.h; sourceTree = "<group>"; };
		8637EE63229A39050031B18D /* image_DXT.c */ = {isa = PBXFileReference; fileEncoding = 4; lastKnownFileType = sourcecode.c.c; path = image_DXT.c; sourceTree = "<group>"; };
		8637EE64229A39050031B18D /* etc1_utils.h */ = {isa = PBXFileReference; fileEncoding = 4; lastKnownFileType = sourcecode.c.h; path = etc1_utils.h; sourceTree = "<group>"; };
		8637EE65229A39050031B18D /* stb_image_write.h */ = {isa = PBXFileReference; fileEncoding = 4; lastKnownFileType = sourcecode.c.h; path = stb_image_write.h; sourceTree = "<group>"; };
		8637EE66229A39050031B18D /* SOIL2.c */ = {isa = PBXFileReference; fileEncoding = 4; lastKnownFileType = sourcecode.c.c; path = SOIL2.c; sourceTree = "<group>"; };
		8637EE67229A39050031B18D /* pkm_helper.h */ = {isa = PBXFileReference; fileEncoding = 4; lastKnownFileType = sourcecode.c.h; path = pkm_helper.h; sourceTree = "<group>"; };
		8637EE68229A39050031B18D /* stbi_DDS_c.h */ = {isa = PBXFileReference; fileEncoding = 4; lastKnownFileType = sourcecode.c.h; path = stbi_DDS_c.h; sourceTree = "<group>"; };
		8637EE69229A39050031B18D /* stbi_pvr.h */ = {isa = PBXFileReference; fileEncoding = 4; lastKnownFileType = sourcecode.c.h; path = stbi_pvr.h; sourceTree = "<group>"; };
		8637EE6A229A39050031B18D /* stbi_ext.h */ = {isa = PBXFileReference; fileEncoding = 4; lastKnownFileType = sourcecode.c.h; path = stbi_ext.h; sourceTree = "<group>"; };
		8637EE6B229A39050031B18D /* stb_image.h */ = {isa = PBXFileReference; fileEncoding = 4; lastKnownFileType = sourcecode.c.h; path = stb_image.h; sourceTree = "<group>"; };
		8637EE6C229A39050031B18D /* stbi_pvr_c.h */ = {isa = PBXFileReference; fileEncoding = 4; lastKnownFileType = sourcecode.c.h; path = stbi_pvr_c.h; sourceTree = "<group>"; };
		8637EE6D229A39050031B18D /* stbi_ext_c.h */ = {isa = PBXFileReference; fileEncoding = 4; lastKnownFileType = sourcecode.c.h; path = stbi_ext_c.h; sourceTree = "<group>"; };
		8637EE6E229A39050031B18D /* image_helper.h */ = {isa = PBXFileReference; fileEncoding = 4; lastKnownFileType = sourcecode.c.h; path = image_helper.h; sourceTree = "<group>"; };
		8637EE6F229A39050031B18D /* SOIL2.h */ = {isa = PBXFileReference; fileEncoding = 4; lastKnownFileType = sourcecode.c.h; path = SOIL2.h; sourceTree = "<group>"; };
		8637EE70229A39050031B18D /* etc1_utils.c */ = {isa = PBXFileReference; fileEncoding = 4; lastKnownFileType = sourcecode.c.c; path = etc1_utils.c; sourceTree = "<group>"; };
		8637EE71229A39050031B18D /* image_DXT.h */ = {isa = PBXFileReference; fileEncoding = 4; lastKnownFileType = sourcecode.c.h; path = image_DXT.h; sourceTree = "<group>"; };
		8637EE72229A39050031B18D /* stbi_pkm_c.h */ = {isa = PBXFileReference; fileEncoding = 4; lastKnownFileType = sourcecode.c.h; path = stbi_pkm_c.h; sourceTree = "<group>"; };
		8637EE73229A39050031B18D /* stbi_DDS.h */ = {isa = PBXFileReference; fileEncoding = 4; lastKnownFileType = sourcecode.c.h; path = stbi_DDS.h; sourceTree = "<group>"; };
		8637EE74229A39050031B18D /* pvr_helper.h */ = {isa = PBXFileReference; fileEncoding = 4; lastKnownFileType = sourcecode.c.h; path = pvr_helper.h; sourceTree = "<group>"; };
		8637EE7A229A3CBE0031B18D /* camera.h */ = {isa = PBXFileReference; lastKnownFileType = sourcecode.c.h; path = camera.h; sourceTree = "<group>"; };
		8637EE7B229A3CC70031B18D /* mesh.h */ = {isa = PBXFileReference; lastKnownFileType = sourcecode.c.h; path = mesh.h; sourceTree = "<group>"; };
		8637EE7C229A3CDD0031B18D /* shader.h */ = {isa = PBXFileReference; lastKnownFileType = sourcecode.c.h; path = shader.h; sourceTree = "<group>"; };
		8637EE7D229A3CEA0031B18D /* model.h */ = {isa = PBXFileReference; lastKnownFileType = sourcecode.c.h; path = model.h; sourceTree = "<group>"; };
		8637EE7E229A79480031B18D /* resources */ = {isa = PBXFileReference; lastKnownFileType = folder; path = resources; sourceTree = "<group>"; };
		8681B8A922A0B01E00D1EBCE /* README.md */ = {isa = PBXFileReference; lastKnownFileType = net.daringfireball.markdown; path = README.md; sourceTree = "<group>"; };
/* End PBXFileReference section */

/* Begin PBXFrameworksBuildPhase section */
		8637EE42229A36630031B18D /* Frameworks */ = {
			isa = PBXFrameworksBuildPhase;
			buildActionMask = 2147483647;
			files = (
				8637EE5B229A37630031B18D /* libglfw.3.3.dylib in Frameworks */,
				8637EE59229A37000031B18D /* libassimp.4.1.0.dylib in Frameworks */,
				8637EE57229A36F30031B18D /* OpenGL.framework in Frameworks */,
				8637EE55229A36BD0031B18D /* libGLEW.2.1.0.dylib in Frameworks */,
			);
			runOnlyForDeploymentPostprocessing = 0;
		};
/* End PBXFrameworksBuildPhase section */

/* Begin PBXGroup section */
		8637EE3C229A36630031B18D = {
			isa = PBXGroup;
			children = (
				8681B8A922A0B01E00D1EBCE /* README.md */,
				8637EE47229A36630031B18D /* COSC3000 */,
				8637EE46229A36630031B18D /* Products */,
				8637EE53229A36BD0031B18D /* Frameworks */,
			);
			sourceTree = "<group>";
		};
		8637EE46229A36630031B18D /* Products */ = {
			isa = PBXGroup;
			children = (
				8637EE45229A36630031B18D /* COSC3000 */,
			);
			name = Products;
			sourceTree = "<group>";
		};
		8637EE47229A36630031B18D /* COSC3000 */ = {
			isa = PBXGroup;
			children = (
				8637EE7E229A79480031B18D /* resources */,
				8637EE5F229A39050031B18D /* SOIL2 */,
				8637EE4F229A36780031B18D /* planet */,
				8637EE48229A36630031B18D /* main.cpp */,
			);
			path = COSC3000;
			sourceTree = "<group>";
		};
		8637EE4F229A36780031B18D /* planet */ = {
			isa = PBXGroup;
			children = (
				8637EE50229A36910031B18D /* planet.cpp */,
				8637EE51229A36910031B18D /* planet.hpp */,
				8637EE7A229A3CBE0031B18D /* camera.h */,
				8637EE7B229A3CC70031B18D /* mesh.h */,
				8637EE7C229A3CDD0031B18D /* shader.h */,
				8637EE7D229A3CEA0031B18D /* model.h */,
			);
			path = planet;
			sourceTree = "<group>";
		};
		8637EE53229A36BD0031B18D /* Frameworks */ = {
			isa = PBXGroup;
			children = (
				8637EE5A229A37630031B18D /* libglfw.3.3.dylib */,
				8637EE58229A37000031B18D /* libassimp.4.1.0.dylib */,
				8637EE56229A36F30031B18D /* OpenGL.framework */,
				8637EE54229A36BD0031B18D /* libGLEW.2.1.0.dylib */,
			);
			name = Frameworks;
			sourceTree = "<group>";
		};
		8637EE5F229A39050031B18D /* SOIL2 */ = {
			isa = PBXGroup;
			children = (
				8637EE60229A39050031B18D /* image_helper.c */,
				8637EE61229A39050031B18D /* stbi_pkm.h */,
				8637EE62229A39050031B18D /* jo_jpeg.h */,
				8637EE63229A39050031B18D /* image_DXT.c */,
				8637EE64229A39050031B18D /* etc1_utils.h */,
				8637EE65229A39050031B18D /* stb_image_write.h */,
				8637EE66229A39050031B18D /* SOIL2.c */,
				8637EE67229A39050031B18D /* pkm_helper.h */,
				8637EE68229A39050031B18D /* stbi_DDS_c.h */,
				8637EE69229A39050031B18D /* stbi_pvr.h */,
				8637EE6A229A39050031B18D /* stbi_ext.h */,
				8637EE6B229A39050031B18D /* stb_image.h */,
				8637EE6C229A39050031B18D /* stbi_pvr_c.h */,
				8637EE6D229A39050031B18D /* stbi_ext_c.h */,
				8637EE6E229A39050031B18D /* image_helper.h */,
				8637EE6F229A39050031B18D /* SOIL2.h */,
				8637EE70229A39050031B18D /* etc1_utils.c */,
				8637EE71229A39050031B18D /* image_DXT.h */,
				8637EE72229A39050031B18D /* stbi_pkm_c.h */,
				8637EE73229A39050031B18D /* stbi_DDS.h */,
				8637EE74229A39050031B18D /* pvr_helper.h */,
			);
			path = SOIL2;
			sourceTree = "<group>";
		};
/* End PBXGroup section */

/* Begin PBXNativeTarget section */
		8637EE44229A36630031B18D /* COSC3000 */ = {
			isa = PBXNativeTarget;
			buildConfigurationList = 8637EE4C229A36630031B18D /* Build configuration list for PBXNativeTarget "COSC3000" */;
			buildPhases = (
				8637EE41229A36630031B18D /* Sources */,
				8637EE42229A36630031B18D /* Frameworks */,
				8637EE43229A36630031B18D /* CopyFiles */,
				8637EE7F229A79A80031B18D /* CopyFiles */,
			);
			buildRules = (
			);
			dependencies = (
			);
			name = COSC3000;
			productName = COSC3000;
			productReference = 8637EE45229A36630031B18D /* COSC3000 */;
			productType = "com.apple.product-type.tool";
		};
/* End PBXNativeTarget section */

/* Begin PBXProject section */
		8637EE3D229A36630031B18D /* Project object */ = {
			isa = PBXProject;
			attributes = {
				LastUpgradeCheck = 1010;
				ORGANIZATIONNAME = "Keyne Kassapa";
				TargetAttributes = {
					8637EE44229A36630031B18D = {
						CreatedOnToolsVersion = 10.1;
					};
				};
			};
			buildConfigurationList = 8637EE40229A36630031B18D /* Build configuration list for PBXProject "COSC3000" */;
			compatibilityVersion = "Xcode 9.3";
			developmentRegion = en;
			hasScannedForEncodings = 0;
			knownRegions = (
				en,
			);
			mainGroup = 8637EE3C229A36630031B18D;
			productRefGroup = 8637EE46229A36630031B18D /* Products */;
			projectDirPath = "";
			projectRoot = "";
			targets = (
				8637EE44229A36630031B18D /* COSC3000 */,
			);
		};
/* End PBXProject section */

/* Begin PBXSourcesBuildPhase section */
		8637EE41229A36630031B18D /* Sources */ = {
			isa = PBXSourcesBuildPhase;
			buildActionMask = 2147483647;
			files = (
				8637EE75229A39050031B18D /* image_helper.c in Sources */,
				8637EE49229A36630031B18D /* main.cpp in Sources */,
				8637EE76229A39050031B18D /* image_DXT.c in Sources */,
				8637EE77229A39050031B18D /* SOIL2.c in Sources */,
				8637EE78229A39050031B18D /* etc1_utils.c in Sources */,
				8637EE52229A36910031B18D /* planet.cpp in Sources */,
			);
			runOnlyForDeploymentPostprocessing = 0;
		};
/* End PBXSourcesBuildPhase section */

/* Begin XCBuildConfiguration section */
		8637EE4A229A36630031B18D /* Debug */ = {
			isa = XCBuildConfiguration;
			buildSettings = {
				ALWAYS_SEARCH_USER_PATHS = NO;
				CLANG_ANALYZER_NONNULL = YES;
				CLANG_ANALYZER_NUMBER_OBJECT_CONVERSION = YES_AGGRESSIVE;
				CLANG_CXX_LANGUAGE_STANDARD = "gnu++14";
				CLANG_CXX_LIBRARY = "libc++";
				CLANG_ENABLE_MODULES = YES;
				CLANG_ENABLE_OBJC_ARC = YES;
				CLANG_ENABLE_OBJC_WEAK = YES;
				CLANG_WARN_BLOCK_CAPTURE_AUTORELEASING = YES;
				CLANG_WARN_BOOL_CONVERSION = YES;
				CLANG_WARN_COMMA = YES;
				CLANG_WARN_CONSTANT_CONVERSION = YES;
				CLANG_WARN_DEPRECATED_OBJC_IMPLEMENTATIONS = YES;
				CLANG_WARN_DIRECT_OBJC_ISA_USAGE = YES_ERROR;
				CLANG_WARN_DOCUMENTATION_COMMENTS = YES;
				CLANG_WARN_EMPTY_BODY = YES;
				CLANG_WARN_ENUM_CONVERSION = YES;
				CLANG_WARN_INFINITE_RECURSION = YES;
				CLANG_WARN_INT_CONVERSION = YES;
				CLANG_WARN_NON_LITERAL_NULL_CONVERSION = YES;
				CLANG_WARN_OBJC_IMPLICIT_RETAIN_SELF = YES;
				CLANG_WARN_OBJC_LITERAL_CONVERSION = YES;
				CLANG_WARN_OBJC_ROOT_CLASS = YES_ERROR;
				CLANG_WARN_RANGE_LOOP_ANALYSIS = YES;
				CLANG_WARN_STRICT_PROTOTYPES = YES;
				CLANG_WARN_SUSPICIOUS_MOVE = YES;
				CLANG_WARN_UNGUARDED_AVAILABILITY = YES_AGGRESSIVE;
				CLANG_WARN_UNREACHABLE_CODE = YES;
				CLANG_WARN__DUPLICATE_METHOD_MATCH = YES;
				CODE_SIGN_IDENTITY = "Mac Developer";
				COPY_PHASE_STRIP = NO;
				DEBUG_INFORMATION_FORMAT = dwarf;
				ENABLE_STRICT_OBJC_MSGSEND = YES;
				ENABLE_TESTABILITY = YES;
				GCC_C_LANGUAGE_STANDARD = gnu11;
				GCC_DYNAMIC_NO_PIC = NO;
				GCC_NO_COMMON_BLOCKS = YES;
				GCC_OPTIMIZATION_LEVEL = 0;
				GCC_PREPROCESSOR_DEFINITIONS = (
					"DEBUG=1",
					"$(inherited)",
				);
				GCC_WARN_64_TO_32_BIT_CONVERSION = YES;
				GCC_WARN_ABOUT_RETURN_TYPE = YES_ERROR;
				GCC_WARN_UNDECLARED_SELECTOR = YES;
				GCC_WARN_UNINITIALIZED_AUTOS = YES_AGGRESSIVE;
				GCC_WARN_UNUSED_FUNCTION = YES;
				GCC_WARN_UNUSED_VARIABLE = YES;
				MACOSX_DEPLOYMENT_TARGET = 10.14;
				MTL_ENABLE_DEBUG_INFO = INCLUDE_SOURCE;
				MTL_FAST_MATH = YES;
				ONLY_ACTIVE_ARCH = YES;
				SDKROOT = macosx;
			};
			name = Debug;
		};
		8637EE4B229A36630031B18D /* Release */ = {
			isa = XCBuildConfiguration;
			buildSettings = {
				ALWAYS_SEARCH_USER_PATHS = NO;
				CLANG_ANALYZER_NONNULL = YES;
				CLANG_ANALYZER_NUMBER_OBJECT_CONVERSION = YES_AGGRESSIVE;
				CLANG_CXX_LANGUAGE_STANDARD = "gnu++14";
				CLANG_CXX_LIBRARY = "libc++";
				CLANG_ENABLE_MODULES = YES;
				CLANG_ENABLE_OBJC_ARC = YES;
				CLANG_ENABLE_OBJC_WEAK = YES;
				CLANG_WARN_BLOCK_CAPTURE_AUTORELEASING = YES;
				CLANG_WARN_BOOL_CONVERSION = YES;
				CLANG_WARN_COMMA = YES;
				CLANG_WARN_CONSTANT_CONVERSION = YES;
				CLANG_WARN_DEPRECATED_OBJC_IMPLEMENTATIONS = YES;
				CLANG_WARN_DIRECT_OBJC_ISA_USAGE = YES_ERROR;
				CLANG_WARN_DOCUMENTATION_COMMENTS = YES;
				CLANG_WARN_EMPTY_BODY = YES;
				CLANG_WARN_ENUM_CONVERSION = YES;
				CLANG_WARN_INFINITE_RECURSION = YES;
				CLANG_WARN_INT_CONVERSION = YES;
				CLANG_WARN_NON_LITERAL_NULL_CONVERSION = YES;
				CLANG_WARN_OBJC_IMPLICIT_RETAIN_SELF = YES;
				CLANG_WARN_OBJC_LITERAL_CONVERSION = YES;
				CLANG_WARN_OBJC_ROOT_CLASS = YES_ERROR;
				CLANG_WARN_RANGE_LOOP_ANALYSIS = YES;
				CLANG_WARN_STRICT_PROTOTYPES = YES;
				CLANG_WARN_SUSPICIOUS_MOVE = YES;
				CLANG_WARN_UNGUARDED_AVAILABILITY = YES_AGGRESSIVE;
				CLANG_WARN_UNREACHABLE_CODE = YES;
				CLANG_WARN__DUPLICATE_METHOD_MATCH = YES;
				CODE_SIGN_IDENTITY = "Mac Developer";
				COPY_PHASE_STRIP = NO;
				DEBUG_INFORMATION_FORMAT = "dwarf-with-dsym";
				ENABLE_NS_ASSERTIONS = NO;
				ENABLE_STRICT_OBJC_MSGSEND = YES;
				GCC_C_LANGUAGE_STANDARD = gnu11;
				GCC_NO_COMMON_BLOCKS = YES;
				GCC_WARN_64_TO_32_BIT_CONVERSION = YES;
				GCC_WARN_ABOUT_RETURN_TYPE = YES_ERROR;
				GCC_WARN_UNDECLARED_SELECTOR = YES;
				GCC_WARN_UNINITIALIZED_AUTOS = YES_AGGRESSIVE;
				GCC_WARN_UNUSED_FUNCTION = YES;
				GCC_WARN_UNUSED_VARIABLE = YES;
				MACOSX_DEPLOYMENT_TARGET = 10.14;
				MTL_ENABLE_DEBUG_INFO = NO;
				MTL_FAST_MATH = YES;
				SDKROOT = macosx;
			};
			name = Release;
		};
		8637EE4D229A36630031B18D /* Debug */ = {
			isa = XCBuildConfiguration;
			buildSettings = {
				CODE_SIGN_STYLE = Automatic;
				DEVELOPMENT_TEAM = X89AMM7V7V;
				HEADER_SEARCH_PATHS = /usr/local/include;
				LIBRARY_SEARCH_PATHS = (
					"$(inherited)",
					/usr/local/Cellar/glew/2.1.0/lib,
					/usr/local/Cellar/assimp/4.1.0/lib,
					/usr/local/Cellar/glfw/3.3/lib,
				);
				PRODUCT_NAME = "$(TARGET_NAME)";
			};
			name = Debug;
		};
		8637EE4E229A36630031B18D /* Release */ = {
			isa = XCBuildConfiguration;
			buildSettings = {
				CODE_SIGN_STYLE = Automatic;
				DEVELOPMENT_TEAM = X89AMM7V7V;
				HEADER_SEARCH_PATHS = /usr/local/include;
				LIBRARY_SEARCH_PATHS = (
					"$(inherited)",
					/usr/local/Cellar/glew/2.1.0/lib,
					/usr/local/Cellar/assimp/4.1.0/lib,
					/usr/local/Cellar/glfw/3.3/lib,
				);
				PRODUCT_NAME = "$(TARGET_NAME)";
			};
			name = Release;
		};
/* End XCBuildConfiguration section */

/* Begin XCConfigurationList section */
		8637EE40229A36630031B18D /* Build configuration list for PBXProject "COSC3000" */ = {
			isa = XCConfigurationList;
			buildConfigurations = (
				8637EE4A229A36630031B18D /* Debug */,
				8637EE4B229A36630031B18D /* Release */,
			);
			defaultConfigurationIsVisible = 0;
			defaultConfigurationName = Release;
		};
		8637EE4C229A36630031B18D /* Build configuration list for PBXNativeTarget "COSC3000" */ = {
			isa = XCConfigurationList;
			buildConfigurations = (
				8637EE4D229A36630031B18D /* Debug */,
				8637EE4E229A36630031B18D /* Release */,
			);
			defaultConfigurationIsVisible = 0;
			defaultConfigurationName = Release;
		};
/* End XCConfigurationList section */
	};
	rootObject = 8637EE3D229A36630031B18D /* Project object */;
}
